# THIS IS AN AUTOGENERATED FILE. DO NOT EDIT THIS FILE DIRECTLY.
# yarn lockfile v1


vutils@^0.14.22:
  version "0.14.22"
  resolved "https://registry.yarnpkg.com/vutils/-/vutils-0.14.22.tgz#330b9b6b3eaa4eb05e8b181448df7fc75fe55cfb"
  integrity sha512-xRD41RBZVrNCYzKBA5YWkHoWbzBa3LjFrSMntDGyJOHDAWqGiyrdWNYYYny+VrdyNhbYge6xzO5vUQzIR7+nuQ==
